
Microsoft Visual Studio Solution File, Format Version 12.00
# Visual Studio Version 17
VisualStudioVersion = 17.14.36221.1
MinimumVisualStudioVersion = 10.0.40219.1
Project("{FAE04EC0-301F-11D3-BF4B-00C04F79EFBC}") = "MiroPay", "MiroPay.csproj", "{61739C27-AD63-4B72-8C2C-0BD1B0B4503F}"
EndProject
Global
	GlobalSection(SolutionConfigurationPlatforms) = preSolution
		Debug|Any CPU = Debug|Any CPU
		Release|Any CPU = Release|Any CPU
	EndGlobalSection
	GlobalSection(ProjectConfigurationPlatforms) = postSolution
		{61739C27-AD63-4B72-8C2C-0BD1B0B4503F}.Debug|Any CPU.ActiveCfg = Debug|Any CPU
		{61739C27-AD63-4B72-8C2C-0BD1B0B4503F}.Debug|Any CPU.Build.0 = Debug|Any CPU
		{61739C27-AD63-4B72-8C2C-0BD1B0B4503F}.Release|Any CPU.ActiveCfg = Release|Any CPU
		{61739C27-AD63-4B72-8C2C-0BD1B0B4503F}.Release|Any CPU.Build.0 = Release|Any CPU
	EndGlobalSection
	GlobalSection(SolutionProperties) = preSolution
		HideSolutionNode = FALSE
	EndGlobalSection
	GlobalSection(ExtensibilityGlobals) = postSolution
		SolutionGuid = {DCDE3F2A-2778-4F99-A883-22C3AD2E2E41}
	EndGlobalSection
EndGlobal
